
Microsoft Visual Studio Solution File, Format Version 12.00
# Visual Studio 15
VisualStudioVersion = 15.0.27004.2005
MinimumVisualStudioVersion = 10.0.40219.1
Project("{FAE04EC0-301F-11D3-BF4B-00C04F79EFBC}") = "RandomNumberGame", "RandomNumberGame\RandomNumberGame.csproj", "{ED324E17-4CC8-413D-B362-0093B7F0C711}"
EndProject
Global
	GlobalSection(SolutionConfigurationPlatforms) = preSolution
		Debug|Any CPU = Debug|Any CPU
		Release|Any CPU = Release|Any CPU
	EndGlobalSection
	GlobalSection(ProjectConfigurationPlatforms) = postSolution
		{ED324E17-4CC8-413D-B362-0093B7F0C711}.Debug|Any CPU.ActiveCfg = Debug|Any CPU
		{ED324E17-4CC8-413D-B362-0093B7F0C711}.Debug|Any CPU.Build.0 = Debug|Any CPU
		{ED324E17-4CC8-413D-B362-0093B7F0C711}.Release|Any CPU.ActiveCfg = Release|Any CPU
		{ED324E17-4CC8-413D-B362-0093B7F0C711}.Release|Any CPU.Build.0 = Release|Any CPU
	EndGlobalSection
	GlobalSection(SolutionProperties) = preSolution
		HideSolutionNode = FALSE
	EndGlobalSection
	GlobalSection(ExtensibilityGlobals) = postSolution
		SolutionGuid = {4A07A34A-F113-459E-9E6D-A0D6D126CF40}
	EndGlobalSection
EndGlobal
